
Microsoft Visual Studio Solution File, Format Version 12.00
# Visual Studio Version 16
VisualStudioVersion = 16.0.30104.148
MinimumVisualStudioVersion = 10.0.40219.1
Project("{9A19103F-16F7-4668-BE54-9A1E7A4F7556}") = "UnitTestDemoLibrary", "UnitTestDemoLibrary\UnitTestDemoLibrary.csproj", "{2FFC802C-F339-4A4C-BD36-02A278974763}"
EndProject
Project("{9A19103F-16F7-4668-BE54-9A1E7A4F7556}") = "UnitTestDemoLibrary.Tests", "UnitTestDemoLibrary.Tests\UnitTestDemoLibrary.Tests.csproj", "{5B9E5E84-4DED-4D1B-8FBB-0A6B38F0D67F}"
EndProject
Project("{9A19103F-16F7-4668-BE54-9A1E7A4F7556}") = "UnitTestMiniProject", "UnitTestMiniProject\UnitTestMiniProject.csproj", "{38151BCB-7193-4867-ACD9-0B4139BE0040}"
EndProject
Project("{9A19103F-16F7-4668-BE54-9A1E7A4F7556}") = "UnitTestMiniProject.Tests", "UnitTestMiniProject.Tests\UnitTestMiniProject.Tests.csproj", "{254C9771-CBAC-40BC-93E6-B4D74B591449}"
EndProject
Project("{FAE04EC0-301F-11D3-BF4B-00C04F79EFBC}") = "WinFormsMessageWall", "WinFormsMessageWall\WinFormsMessageWall.csproj", "{C6F106F6-A901-4CDC-BAE3-33FF9A383996}"
EndProject
Project("{FAE04EC0-301F-11D3-BF4B-00C04F79EFBC}") = "WinFormMiniProject", "WinFormMiniProject\WinFormMiniProject.csproj", "{F4FA99FB-3F7A-476D-9CF1-62FF8AF7D3F5}"
EndProject
Project("{9A19103F-16F7-4668-BE54-9A1E7A4F7556}") = "WinFormMiniProjectLibrary", "WinFormMiniProjectLibrary\WinFormMiniProjectLibrary.csproj", "{4B398C6F-4F9D-4317-B73D-880AA3C7C8D7}"
EndProject
Project("{FAE04EC0-301F-11D3-BF4B-00C04F79EFBC}") = "WPFCoreMessageWall", "WPFCoreMessageWall\WPFCoreMessageWall.csproj", "{92C64A4B-3FBF-4D0B-BCA9-3CC961143B07}"
EndProject
Project("{FAE04EC0-301F-11D3-BF4B-00C04F79EFBC}") = "WPFFramework", "WPFFramework\WPFFramework.csproj", "{217DBA27-D407-4431-B3D2-D48708EFAA6D}"
EndProject
Global
	GlobalSection(SolutionConfigurationPlatforms) = preSolution
		Debug|Any CPU = Debug|Any CPU
		Release|Any CPU = Release|Any CPU
	EndGlobalSection
	GlobalSection(ProjectConfigurationPlatforms) = postSolution
		{2FFC802C-F339-4A4C-BD36-02A278974763}.Debug|Any CPU.ActiveCfg = Debug|Any CPU
		{2FFC802C-F339-4A4C-BD36-02A278974763}.Debug|Any CPU.Build.0 = Debug|Any CPU
		{2FFC802C-F339-4A4C-BD36-02A278974763}.Release|Any CPU.ActiveCfg = Release|Any CPU
		{2FFC802C-F339-4A4C-BD36-02A278974763}.Release|Any CPU.Build.0 = Release|Any CPU
		{5B9E5E84-4DED-4D1B-8FBB-0A6B38F0D67F}.Debug|Any CPU.ActiveCfg = Debug|Any CPU
		{5B9E5E84-4DED-4D1B-8FBB-0A6B38F0D67F}.Debug|Any CPU.Build.0 = Debug|Any CPU
		{5B9E5E84-4DED-4D1B-8FBB-0A6B38F0D67F}.Release|Any CPU.ActiveCfg = Release|Any CPU
		{5B9E5E84-4DED-4D1B-8FBB-0A6B38F0D67F}.Release|Any CPU.Build.0 = Release|Any CPU
		{38151BCB-7193-4867-ACD9-0B4139BE0040}.Debug|Any CPU.ActiveCfg = Debug|Any CPU
		{38151BCB-7193-4867-ACD9-0B4139BE0040}.Debug|Any CPU.Build.0 = Debug|Any CPU
		{38151BCB-7193-4867-ACD9-0B4139BE0040}.Release|Any CPU.ActiveCfg = Release|Any CPU
		{38151BCB-7193-4867-ACD9-0B4139BE0040}.Release|Any CPU.Build.0 = Release|Any CPU
		{254C9771-CBAC-40BC-93E6-B4D74B591449}.Debug|Any CPU.ActiveCfg = Debug|Any CPU
		{254C9771-CBAC-40BC-93E6-B4D74B591449}.Debug|Any CPU.Build.0 = Debug|Any CPU
		{254C9771-CBAC-40BC-93E6-B4D74B591449}.Release|Any CPU.ActiveCfg = Release|Any CPU
		{254C9771-CBAC-40BC-93E6-B4D74B591449}.Release|Any CPU.Build.0 = Release|Any CPU
		{C6F106F6-A901-4CDC-BAE3-33FF9A383996}.Debug|Any CPU.ActiveCfg = Debug|Any CPU
		{C6F106F6-A901-4CDC-BAE3-33FF9A383996}.Debug|Any CPU.Build.0 = Debug|Any CPU
		{C6F106F6-A901-4CDC-BAE3-33FF9A383996}.Release|Any CPU.ActiveCfg = Release|Any CPU
		{C6F106F6-A901-4CDC-BAE3-33FF9A383996}.Release|Any CPU.Build.0 = Release|Any CPU
		{F4FA99FB-3F7A-476D-9CF1-62FF8AF7D3F5}.Debug|Any CPU.ActiveCfg = Debug|Any CPU
		{F4FA99FB-3F7A-476D-9CF1-62FF8AF7D3F5}.Debug|Any CPU.Build.0 = Debug|Any CPU
		{F4FA99FB-3F7A-476D-9CF1-62FF8AF7D3F5}.Release|Any CPU.ActiveCfg = Release|Any CPU
		{F4FA99FB-3F7A-476D-9CF1-62FF8AF7D3F5}.Release|Any CPU.Build.0 = Release|Any CPU
		{4B398C6F-4F9D-4317-B73D-880AA3C7C8D7}.Debug|Any CPU.ActiveCfg = Debug|Any CPU
		{4B398C6F-4F9D-4317-B73D-880AA3C7C8D7}.Debug|Any CPU.Build.0 = Debug|Any CPU
		{4B398C6F-4F9D-4317-B73D-880AA3C7C8D7}.Release|Any CPU.ActiveCfg = Release|Any CPU
		{4B398C6F-4F9D-4317-B73D-880AA3C7C8D7}.Release|Any CPU.Build.0 = Release|Any CPU
		{92C64A4B-3FBF-4D0B-BCA9-3CC961143B07}.Debug|Any CPU.ActiveCfg = Debug|Any CPU
		{92C64A4B-3FBF-4D0B-BCA9-3CC961143B07}.Debug|Any CPU.Build.0 = Debug|Any CPU
		{92C64A4B-3FBF-4D0B-BCA9-3CC961143B07}.Release|Any CPU.ActiveCfg = Release|Any CPU
		{92C64A4B-3FBF-4D0B-BCA9-3CC961143B07}.Release|Any CPU.Build.0 = Release|Any CPU
		{217DBA27-D407-4431-B3D2-D48708EFAA6D}.Debug|Any CPU.ActiveCfg = Debug|Any CPU
		{217DBA27-D407-4431-B3D2-D48708EFAA6D}.Debug|Any CPU.Build.0 = Debug|Any CPU
		{217DBA27-D407-4431-B3D2-D48708EFAA6D}.Release|Any CPU.ActiveCfg = Release|Any CPU
		{217DBA27-D407-4431-B3D2-D48708EFAA6D}.Release|Any CPU.Build.0 = Release|Any CPU
	EndGlobalSection
	GlobalSection(SolutionProperties) = preSolution
		HideSolutionNode = FALSE
	EndGlobalSection
	GlobalSection(ExtensibilityGlobals) = postSolution
		SolutionGuid = {0FDC4F12-3CCF-41B4-93AC-6A92B337E38C}
	EndGlobalSection
EndGlobal
